
Microsoft Visual Studio Solution File, Format Version 12.00
Project("{FAE04EC0-301F-11D3-BF4B-00C04F79EFBC}") = "Hello World", "Hello World\Hello World.csproj", "{645CF670-BBD9-4798-92F9-A1ACFF7E0C4C}"
EndProject
Project("{FAE04EC0-301F-11D3-BF4B-00C04F79EFBC}") = "Makings of a Programmer", "Makings of a Programmer\Makings of a Programmer.csproj", "{DAC98AFE-3FFE-4CB9-80FB-28DC897F1C78}"
EndProject
Project("{FAE04EC0-301F-11D3-BF4B-00C04F79EFBC}") = "Consolas and Telim", "Consolas and Telim\Consolas and Telim.csproj", "{9D734254-9AD0-4DF7-8B72-2880300F19FE}"
EndProject
Project("{FAE04EC0-301F-11D3-BF4B-00C04F79EFBC}") = "Thing Namer 3000", "Thing Namer 3000\Thing Namer 3000.csproj", "{C008BF28-312C-41E0-93D2-9E4C3A2BE398}"
EndProject
Project("{FAE04EC0-301F-11D3-BF4B-00C04F79EFBC}") = "Variable Shop", "Variable Shop\Variable Shop.csproj", "{F736964D-594C-4332-A819-410D8B9178F5}"
EndProject
Project("{FAE04EC0-301F-11D3-BF4B-00C04F79EFBC}") = "Triangle Farmer", "Triangle Farmer\Triangle Farmer.csproj", "{7ABE2C4C-FF88-4EC3-90F3-0A7EA846788E}"
EndProject
Project("{FAE04EC0-301F-11D3-BF4B-00C04F79EFBC}") = "Four Sisters and the Duckbear", "Four Sisters and the Duckbear\Four Sisters and the Duckbear.csproj", "{0CF3BAA9-C48E-439C-8501-1B2F65BDA1C6}"
EndProject
Project("{FAE04EC0-301F-11D3-BF4B-00C04F79EFBC}") = "Dominion of Kings", "Dominion of Kings\Dominion of Kings.csproj", "{84E6EF40-CECC-4574-B68F-7FFFE95AADA5}"
EndProject
Project("{FAE04EC0-301F-11D3-BF4B-00C04F79EFBC}") = "Defense of Consolas", "Defense of Consolas\Defense of Consolas.csproj", "{AD13F703-E315-47C9-BA1D-E201C9F25893}"
EndProject
Project("{FAE04EC0-301F-11D3-BF4B-00C04F79EFBC}") = "Repairing the Clocktower", "Repairing the Clocktower\Repairing the Clocktower.csproj", "{E80378D6-3496-42ED-89B0-513962F1EF4B}"
EndProject
Project("{FAE04EC0-301F-11D3-BF4B-00C04F79EFBC}") = "Watchtower", "Watchtower\Watchtower.csproj", "{BC652B84-9000-49CB-B4E9-653D364A1E1B}"
EndProject
Project("{FAE04EC0-301F-11D3-BF4B-00C04F79EFBC}") = "Buying Inventory", "Buying Inventory\Buying Inventory.csproj", "{192BFC99-F5FB-4A9E-9C90-6F240EA9949C}"
EndProject
Project("{FAE04EC0-301F-11D3-BF4B-00C04F79EFBC}") = "Discounted Inventory", "Discounted Inventory\Discounted Inventory.csproj", "{F9D07A8A-C3E2-4A07-91AD-04E85F2CF00A}"
EndProject
Project("{FAE04EC0-301F-11D3-BF4B-00C04F79EFBC}") = "The Prototype", "The Prototype\The Prototype.csproj", "{5984946C-3764-4045-B1A0-C9F296ADF216}"
EndProject
Project("{FAE04EC0-301F-11D3-BF4B-00C04F79EFBC}") = "Magic Cannon", "Magic Cannon\Magic Cannon.csproj", "{04C714DE-9E93-4387-9999-42B6A14478E5}"
EndProject
Project("{FAE04EC0-301F-11D3-BF4B-00C04F79EFBC}") = "Replicator of DTo", "Replicator of DTo\Replicator of DTo.csproj", "{F1D806F2-1101-406B-875E-0959FD8C7FB7}"
EndProject
Project("{FAE04EC0-301F-11D3-BF4B-00C04F79EFBC}") = "Laws of Freach", "Laws of Freach\Laws of Freach.csproj", "{3489022B-E485-478C-8670-1A6E50FBE4AB}"
EndProject
Project("{FAE04EC0-301F-11D3-BF4B-00C04F79EFBC}") = "Taking a Number", "Taking a Number\Taking a Number.csproj", "{47E7D903-7BE9-4B8D-B6C5-16713054EF01}"
EndProject
Project("{FAE04EC0-301F-11D3-BF4B-00C04F79EFBC}") = "Countdown", "Countdown\Countdown.csproj", "{D0F3EAD2-A3B3-4F19-BE28-89C98940DF4B}"
EndProject
Project("{FAE04EC0-301F-11D3-BF4B-00C04F79EFBC}") = "Hunting The Manticore", "Hunting The Manticore\Hunting The Manticore.csproj", "{B4930B64-4898-4144-AD4D-742C0E87BE7F}"
EndProject
Project("{FAE04EC0-301F-11D3-BF4B-00C04F79EFBC}") = "Simulas Test", "Simulas Test\Simulas Test.csproj", "{B549F33D-C913-4FED-BDFF-E7C23DA41BEC}"
EndProject
Project("{FAE04EC0-301F-11D3-BF4B-00C04F79EFBC}") = "Simulas Soup", "Simulas Soup\Simulas Soup.csproj", "{0C5155AA-DF3E-4CC7-B09C-E8B4C04D5692}"
EndProject
Project("{FAE04EC0-301F-11D3-BF4B-00C04F79EFBC}") = "Vin Fletchers Arrows", "Vin Fletchers Arrows\Vin Fletchers Arrows.csproj", "{D1DDC3DC-FDD0-4C73-974D-BB232BDCD6C5}"
EndProject
Project("{FAE04EC0-301F-11D3-BF4B-00C04F79EFBC}") = "Vins Trouble", "Vins Trouble\Vins Trouble.csproj", "{5DE2F60F-25BF-43F5-ABE7-429D7D30C4B8}"
EndProject
Project("{FAE04EC0-301F-11D3-BF4B-00C04F79EFBC}") = "Properties of Arrows", "Properties of Arrows\Properties of Arrows.csproj", "{FEB8956F-1F95-4B8F-8041-3ED5966792F9}"
EndProject
Project("{FAE04EC0-301F-11D3-BF4B-00C04F79EFBC}") = "Arrow Factories", "Arrow Factories\Arrow Factories.csproj", "{AE73C209-F7B8-443C-B35C-8AC9A9F19073}"
EndProject
Project("{FAE04EC0-301F-11D3-BF4B-00C04F79EFBC}") = "Point", "Point\Point.csproj", "{040E2AB0-CBF4-4392-A082-CD1A9CD8A817}"
EndProject
Project("{FAE04EC0-301F-11D3-BF4B-00C04F79EFBC}") = "Color", "Color\Color.csproj", "{346C897C-2025-40FA-A984-719A32FD6487}"
EndProject
Project("{FAE04EC0-301F-11D3-BF4B-00C04F79EFBC}") = "Card", "Card\Card.csproj", "{BB4893CC-F5B7-4F73-AF1F-182EEEE81721}"
EndProject
Project("{FAE04EC0-301F-11D3-BF4B-00C04F79EFBC}") = "Locked Door", "Locked Door\Locked Door.csproj", "{55404E13-3A8C-4356-8631-CBE780F7E54A}"
EndProject
Project("{FAE04EC0-301F-11D3-BF4B-00C04F79EFBC}") = "Password Validator", "Password Validator\Password Validator.csproj", "{5E9450E7-329B-4D53-80D4-8704387F439B}"
EndProject
Project("{FAE04EC0-301F-11D3-BF4B-00C04F79EFBC}") = "Rock-Paper-Scissors", "Rock-Paper-Scissors\Rock-Paper-Scissors.csproj", "{8DD8ABCA-2D69-4095-9968-7DB9FC6E0E9E}"
EndProject
Project("{FAE04EC0-301F-11D3-BF4B-00C04F79EFBC}") = "15-Puzzle", "15-Puzzle\15-Puzzle.csproj", "{02AD5330-69EB-47A0-AF1A-67C7E2EE19C9}"
EndProject
Project("{FAE04EC0-301F-11D3-BF4B-00C04F79EFBC}") = "Hangman", "Hangman\Hangman.csproj", "{79C82688-65D1-4CC0-94EC-346C54458427}"
EndProject
Project("{FAE04EC0-301F-11D3-BF4B-00C04F79EFBC}") = "Tic-Tac-Toe", "Tic-Tac-Toe\Tic-Tac-Toe.csproj", "{4CAE424F-EE60-4972-BE9C-786E67C12F42}"
EndProject
Project("{FAE04EC0-301F-11D3-BF4B-00C04F79EFBC}") = "Packing Inventory", "Packing Inventory\Packing Inventory.csproj", "{B1130465-E958-4A29-9C2F-7FB1B6314D87}"
EndProject
Project("{FAE04EC0-301F-11D3-BF4B-00C04F79EFBC}") = "Labeling Inventory", "Labeling Inventory\Labeling Inventory.csproj", "{E2298035-769C-47E9-9C7F-802829059DEB}"
EndProject
Project("{FAE04EC0-301F-11D3-BF4B-00C04F79EFBC}") = "Old Robot", "Old Robot\Old Robot.csproj", "{B049D831-CA05-4FFE-BFA0-C8EFC5E9F630}"
EndProject
Project("{FAE04EC0-301F-11D3-BF4B-00C04F79EFBC}") = "Robotic Interface", "Robotic Interface\Robotic Interface.csproj", "{3CFA6C8C-66A3-4F12-8AEA-2EECF20FF45C}"
EndProject
Project("{FAE04EC0-301F-11D3-BF4B-00C04F79EFBC}") = "Room Coordinates", "Room Coordinates\Room Coordinates.csproj", "{5780C024-2689-4268-858B-6C42DEB51580}"
EndProject
Project("{FAE04EC0-301F-11D3-BF4B-00C04F79EFBC}") = "War Preparations", "War Preparations\War Preparations.csproj", "{9D4ED994-2AC7-44FD-86F5-031D4D36F120}"
EndProject
Project("{FAE04EC0-301F-11D3-BF4B-00C04F79EFBC}") = "Colored Items", "Colored Items\Colored Items.csproj", "{43DEA966-F4DB-425A-A749-F52D4FE3915A}"
EndProject
Project("{FAE04EC0-301F-11D3-BF4B-00C04F79EFBC}") = "Fountain of Objects", "Fountain of Objects\Fountain of Objects.csproj", "{099400EC-AAC2-453D-950F-B494B5901EDE}"
EndProject
Project("{FAE04EC0-301F-11D3-BF4B-00C04F79EFBC}") = "Robot Pilot", "Robot Pilot\Robot Pilot.csproj", "{E2CF3565-388C-48EE-89BA-EAFC48E52E18}"
EndProject
Global
	GlobalSection(SolutionConfigurationPlatforms) = preSolution
		Debug|Any CPU = Debug|Any CPU
		Release|Any CPU = Release|Any CPU
	EndGlobalSection
	GlobalSection(ProjectConfigurationPlatforms) = postSolution
		{645CF670-BBD9-4798-92F9-A1ACFF7E0C4C}.Debug|Any CPU.ActiveCfg = Debug|Any CPU
		{645CF670-BBD9-4798-92F9-A1ACFF7E0C4C}.Debug|Any CPU.Build.0 = Debug|Any CPU
		{645CF670-BBD9-4798-92F9-A1ACFF7E0C4C}.Release|Any CPU.ActiveCfg = Release|Any CPU
		{645CF670-BBD9-4798-92F9-A1ACFF7E0C4C}.Release|Any CPU.Build.0 = Release|Any CPU
		{DAC98AFE-3FFE-4CB9-80FB-28DC897F1C78}.Debug|Any CPU.ActiveCfg = Debug|Any CPU
		{DAC98AFE-3FFE-4CB9-80FB-28DC897F1C78}.Debug|Any CPU.Build.0 = Debug|Any CPU
		{DAC98AFE-3FFE-4CB9-80FB-28DC897F1C78}.Release|Any CPU.ActiveCfg = Release|Any CPU
		{DAC98AFE-3FFE-4CB9-80FB-28DC897F1C78}.Release|Any CPU.Build.0 = Release|Any CPU
		{9D734254-9AD0-4DF7-8B72-2880300F19FE}.Debug|Any CPU.ActiveCfg = Debug|Any CPU
		{9D734254-9AD0-4DF7-8B72-2880300F19FE}.Debug|Any CPU.Build.0 = Debug|Any CPU
		{9D734254-9AD0-4DF7-8B72-2880300F19FE}.Release|Any CPU.ActiveCfg = Release|Any CPU
		{9D734254-9AD0-4DF7-8B72-2880300F19FE}.Release|Any CPU.Build.0 = Release|Any CPU
		{C008BF28-312C-41E0-93D2-9E4C3A2BE398}.Debug|Any CPU.ActiveCfg = Debug|Any CPU
		{C008BF28-312C-41E0-93D2-9E4C3A2BE398}.Debug|Any CPU.Build.0 = Debug|Any CPU
		{C008BF28-312C-41E0-93D2-9E4C3A2BE398}.Release|Any CPU.ActiveCfg = Release|Any CPU
		{C008BF28-312C-41E0-93D2-9E4C3A2BE398}.Release|Any CPU.Build.0 = Release|Any CPU
		{F736964D-594C-4332-A819-410D8B9178F5}.Debug|Any CPU.ActiveCfg = Debug|Any CPU
		{F736964D-594C-4332-A819-410D8B9178F5}.Debug|Any CPU.Build.0 = Debug|Any CPU
		{F736964D-594C-4332-A819-410D8B9178F5}.Release|Any CPU.ActiveCfg = Release|Any CPU
		{F736964D-594C-4332-A819-410D8B9178F5}.Release|Any CPU.Build.0 = Release|Any CPU
		{7ABE2C4C-FF88-4EC3-90F3-0A7EA846788E}.Debug|Any CPU.ActiveCfg = Debug|Any CPU
		{7ABE2C4C-FF88-4EC3-90F3-0A7EA846788E}.Debug|Any CPU.Build.0 = Debug|Any CPU
		{7ABE2C4C-FF88-4EC3-90F3-0A7EA846788E}.Release|Any CPU.ActiveCfg = Release|Any CPU
		{7ABE2C4C-FF88-4EC3-90F3-0A7EA846788E}.Release|Any CPU.Build.0 = Release|Any CPU
		{0CF3BAA9-C48E-439C-8501-1B2F65BDA1C6}.Debug|Any CPU.ActiveCfg = Debug|Any CPU
		{0CF3BAA9-C48E-439C-8501-1B2F65BDA1C6}.Debug|Any CPU.Build.0 = Debug|Any CPU
		{0CF3BAA9-C48E-439C-8501-1B2F65BDA1C6}.Release|Any CPU.ActiveCfg = Release|Any CPU
		{0CF3BAA9-C48E-439C-8501-1B2F65BDA1C6}.Release|Any CPU.Build.0 = Release|Any CPU
		{84E6EF40-CECC-4574-B68F-7FFFE95AADA5}.Debug|Any CPU.ActiveCfg = Debug|Any CPU
		{84E6EF40-CECC-4574-B68F-7FFFE95AADA5}.Debug|Any CPU.Build.0 = Debug|Any CPU
		{84E6EF40-CECC-4574-B68F-7FFFE95AADA5}.Release|Any CPU.ActiveCfg = Release|Any CPU
		{84E6EF40-CECC-4574-B68F-7FFFE95AADA5}.Release|Any CPU.Build.0 = Release|Any CPU
		{AD13F703-E315-47C9-BA1D-E201C9F25893}.Debug|Any CPU.ActiveCfg = Debug|Any CPU
		{AD13F703-E315-47C9-BA1D-E201C9F25893}.Debug|Any CPU.Build.0 = Debug|Any CPU
		{AD13F703-E315-47C9-BA1D-E201C9F25893}.Release|Any CPU.ActiveCfg = Release|Any CPU
		{AD13F703-E315-47C9-BA1D-E201C9F25893}.Release|Any CPU.Build.0 = Release|Any CPU
		{E80378D6-3496-42ED-89B0-513962F1EF4B}.Debug|Any CPU.ActiveCfg = Debug|Any CPU
		{E80378D6-3496-42ED-89B0-513962F1EF4B}.Debug|Any CPU.Build.0 = Debug|Any CPU
		{E80378D6-3496-42ED-89B0-513962F1EF4B}.Release|Any CPU.ActiveCfg = Release|Any CPU
		{E80378D6-3496-42ED-89B0-513962F1EF4B}.Release|Any CPU.Build.0 = Release|Any CPU
		{BC652B84-9000-49CB-B4E9-653D364A1E1B}.Debug|Any CPU.ActiveCfg = Debug|Any CPU
		{BC652B84-9000-49CB-B4E9-653D364A1E1B}.Debug|Any CPU.Build.0 = Debug|Any CPU
		{BC652B84-9000-49CB-B4E9-653D364A1E1B}.Release|Any CPU.ActiveCfg = Release|Any CPU
		{BC652B84-9000-49CB-B4E9-653D364A1E1B}.Release|Any CPU.Build.0 = Release|Any CPU
		{192BFC99-F5FB-4A9E-9C90-6F240EA9949C}.Debug|Any CPU.ActiveCfg = Debug|Any CPU
		{192BFC99-F5FB-4A9E-9C90-6F240EA9949C}.Debug|Any CPU.Build.0 = Debug|Any CPU
		{192BFC99-F5FB-4A9E-9C90-6F240EA9949C}.Release|Any CPU.ActiveCfg = Release|Any CPU
		{192BFC99-F5FB-4A9E-9C90-6F240EA9949C}.Release|Any CPU.Build.0 = Release|Any CPU
		{F9D07A8A-C3E2-4A07-91AD-04E85F2CF00A}.Debug|Any CPU.ActiveCfg = Debug|Any CPU
		{F9D07A8A-C3E2-4A07-91AD-04E85F2CF00A}.Debug|Any CPU.Build.0 = Debug|Any CPU
		{F9D07A8A-C3E2-4A07-91AD-04E85F2CF00A}.Release|Any CPU.ActiveCfg = Release|Any CPU
		{F9D07A8A-C3E2-4A07-91AD-04E85F2CF00A}.Release|Any CPU.Build.0 = Release|Any CPU
		{5984946C-3764-4045-B1A0-C9F296ADF216}.Debug|Any CPU.ActiveCfg = Debug|Any CPU
		{5984946C-3764-4045-B1A0-C9F296ADF216}.Debug|Any CPU.Build.0 = Debug|Any CPU
		{5984946C-3764-4045-B1A0-C9F296ADF216}.Release|Any CPU.ActiveCfg = Release|Any CPU
		{5984946C-3764-4045-B1A0-C9F296ADF216}.Release|Any CPU.Build.0 = Release|Any CPU
		{04C714DE-9E93-4387-9999-42B6A14478E5}.Debug|Any CPU.ActiveCfg = Debug|Any CPU
		{04C714DE-9E93-4387-9999-42B6A14478E5}.Debug|Any CPU.Build.0 = Debug|Any CPU
		{04C714DE-9E93-4387-9999-42B6A14478E5}.Release|Any CPU.ActiveCfg = Release|Any CPU
		{04C714DE-9E93-4387-9999-42B6A14478E5}.Release|Any CPU.Build.0 = Release|Any CPU
		{F1D806F2-1101-406B-875E-0959FD8C7FB7}.Debug|Any CPU.ActiveCfg = Debug|Any CPU
		{F1D806F2-1101-406B-875E-0959FD8C7FB7}.Debug|Any CPU.Build.0 = Debug|Any CPU
		{F1D806F2-1101-406B-875E-0959FD8C7FB7}.Release|Any CPU.ActiveCfg = Release|Any CPU
		{F1D806F2-1101-406B-875E-0959FD8C7FB7}.Release|Any CPU.Build.0 = Release|Any CPU
		{3489022B-E485-478C-8670-1A6E50FBE4AB}.Debug|Any CPU.ActiveCfg = Debug|Any CPU
		{3489022B-E485-478C-8670-1A6E50FBE4AB}.Debug|Any CPU.Build.0 = Debug|Any CPU
		{3489022B-E485-478C-8670-1A6E50FBE4AB}.Release|Any CPU.ActiveCfg = Release|Any CPU
		{3489022B-E485-478C-8670-1A6E50FBE4AB}.Release|Any CPU.Build.0 = Release|Any CPU
		{47E7D903-7BE9-4B8D-B6C5-16713054EF01}.Debug|Any CPU.ActiveCfg = Debug|Any CPU
		{47E7D903-7BE9-4B8D-B6C5-16713054EF01}.Debug|Any CPU.Build.0 = Debug|Any CPU
		{47E7D903-7BE9-4B8D-B6C5-16713054EF01}.Release|Any CPU.ActiveCfg = Release|Any CPU
		{47E7D903-7BE9-4B8D-B6C5-16713054EF01}.Release|Any CPU.Build.0 = Release|Any CPU
		{D0F3EAD2-A3B3-4F19-BE28-89C98940DF4B}.Debug|Any CPU.ActiveCfg = Debug|Any CPU
		{D0F3EAD2-A3B3-4F19-BE28-89C98940DF4B}.Debug|Any CPU.Build.0 = Debug|Any CPU
		{D0F3EAD2-A3B3-4F19-BE28-89C98940DF4B}.Release|Any CPU.ActiveCfg = Release|Any CPU
		{D0F3EAD2-A3B3-4F19-BE28-89C98940DF4B}.Release|Any CPU.Build.0 = Release|Any CPU
		{B4930B64-4898-4144-AD4D-742C0E87BE7F}.Debug|Any CPU.ActiveCfg = Debug|Any CPU
		{B4930B64-4898-4144-AD4D-742C0E87BE7F}.Debug|Any CPU.Build.0 = Debug|Any CPU
		{B4930B64-4898-4144-AD4D-742C0E87BE7F}.Release|Any CPU.ActiveCfg = Release|Any CPU
		{B4930B64-4898-4144-AD4D-742C0E87BE7F}.Release|Any CPU.Build.0 = Release|Any CPU
		{B549F33D-C913-4FED-BDFF-E7C23DA41BEC}.Debug|Any CPU.ActiveCfg = Debug|Any CPU
		{B549F33D-C913-4FED-BDFF-E7C23DA41BEC}.Debug|Any CPU.Build.0 = Debug|Any CPU
		{B549F33D-C913-4FED-BDFF-E7C23DA41BEC}.Release|Any CPU.ActiveCfg = Release|Any CPU
		{B549F33D-C913-4FED-BDFF-E7C23DA41BEC}.Release|Any CPU.Build.0 = Release|Any CPU
		{0C5155AA-DF3E-4CC7-B09C-E8B4C04D5692}.Debug|Any CPU.ActiveCfg = Debug|Any CPU
		{0C5155AA-DF3E-4CC7-B09C-E8B4C04D5692}.Debug|Any CPU.Build.0 = Debug|Any CPU
		{0C5155AA-DF3E-4CC7-B09C-E8B4C04D5692}.Release|Any CPU.ActiveCfg = Release|Any CPU
		{0C5155AA-DF3E-4CC7-B09C-E8B4C04D5692}.Release|Any CPU.Build.0 = Release|Any CPU
		{D1DDC3DC-FDD0-4C73-974D-BB232BDCD6C5}.Debug|Any CPU.ActiveCfg = Debug|Any CPU
		{D1DDC3DC-FDD0-4C73-974D-BB232BDCD6C5}.Debug|Any CPU.Build.0 = Debug|Any CPU
		{D1DDC3DC-FDD0-4C73-974D-BB232BDCD6C5}.Release|Any CPU.ActiveCfg = Release|Any CPU
		{D1DDC3DC-FDD0-4C73-974D-BB232BDCD6C5}.Release|Any CPU.Build.0 = Release|Any CPU
		{5DE2F60F-25BF-43F5-ABE7-429D7D30C4B8}.Debug|Any CPU.ActiveCfg = Debug|Any CPU
		{5DE2F60F-25BF-43F5-ABE7-429D7D30C4B8}.Debug|Any CPU.Build.0 = Debug|Any CPU
		{5DE2F60F-25BF-43F5-ABE7-429D7D30C4B8}.Release|Any CPU.ActiveCfg = Release|Any CPU
		{5DE2F60F-25BF-43F5-ABE7-429D7D30C4B8}.Release|Any CPU.Build.0 = Release|Any CPU
		{FEB8956F-1F95-4B8F-8041-3ED5966792F9}.Debug|Any CPU.ActiveCfg = Debug|Any CPU
		{FEB8956F-1F95-4B8F-8041-3ED5966792F9}.Debug|Any CPU.Build.0 = Debug|Any CPU
		{FEB8956F-1F95-4B8F-8041-3ED5966792F9}.Release|Any CPU.ActiveCfg = Release|Any CPU
		{FEB8956F-1F95-4B8F-8041-3ED5966792F9}.Release|Any CPU.Build.0 = Release|Any CPU
		{AE73C209-F7B8-443C-B35C-8AC9A9F19073}.Debug|Any CPU.ActiveCfg = Debug|Any CPU
		{AE73C209-F7B8-443C-B35C-8AC9A9F19073}.Debug|Any CPU.Build.0 = Debug|Any CPU
		{AE73C209-F7B8-443C-B35C-8AC9A9F19073}.Release|Any CPU.ActiveCfg = Release|Any CPU
		{AE73C209-F7B8-443C-B35C-8AC9A9F19073}.Release|Any CPU.Build.0 = Release|Any CPU
		{040E2AB0-CBF4-4392-A082-CD1A9CD8A817}.Debug|Any CPU.ActiveCfg = Debug|Any CPU
		{040E2AB0-CBF4-4392-A082-CD1A9CD8A817}.Debug|Any CPU.Build.0 = Debug|Any CPU
		{040E2AB0-CBF4-4392-A082-CD1A9CD8A817}.Release|Any CPU.ActiveCfg = Release|Any CPU
		{040E2AB0-CBF4-4392-A082-CD1A9CD8A817}.Release|Any CPU.Build.0 = Release|Any CPU
		{346C897C-2025-40FA-A984-719A32FD6487}.Debug|Any CPU.ActiveCfg = Debug|Any CPU
		{346C897C-2025-40FA-A984-719A32FD6487}.Debug|Any CPU.Build.0 = Debug|Any CPU
		{346C897C-2025-40FA-A984-719A32FD6487}.Release|Any CPU.ActiveCfg = Release|Any CPU
		{346C897C-2025-40FA-A984-719A32FD6487}.Release|Any CPU.Build.0 = Release|Any CPU
		{BB4893CC-F5B7-4F73-AF1F-182EEEE81721}.Debug|Any CPU.ActiveCfg = Debug|Any CPU
		{BB4893CC-F5B7-4F73-AF1F-182EEEE81721}.Debug|Any CPU.Build.0 = Debug|Any CPU
		{BB4893CC-F5B7-4F73-AF1F-182EEEE81721}.Release|Any CPU.ActiveCfg = Release|Any CPU
		{BB4893CC-F5B7-4F73-AF1F-182EEEE81721}.Release|Any CPU.Build.0 = Release|Any CPU
		{55404E13-3A8C-4356-8631-CBE780F7E54A}.Debug|Any CPU.ActiveCfg = Debug|Any CPU
		{55404E13-3A8C-4356-8631-CBE780F7E54A}.Debug|Any CPU.Build.0 = Debug|Any CPU
		{55404E13-3A8C-4356-8631-CBE780F7E54A}.Release|Any CPU.ActiveCfg = Release|Any CPU
		{55404E13-3A8C-4356-8631-CBE780F7E54A}.Release|Any CPU.Build.0 = Release|Any CPU
		{5E9450E7-329B-4D53-80D4-8704387F439B}.Debug|Any CPU.ActiveCfg = Debug|Any CPU
		{5E9450E7-329B-4D53-80D4-8704387F439B}.Debug|Any CPU.Build.0 = Debug|Any CPU
		{5E9450E7-329B-4D53-80D4-8704387F439B}.Release|Any CPU.ActiveCfg = Release|Any CPU
		{5E9450E7-329B-4D53-80D4-8704387F439B}.Release|Any CPU.Build.0 = Release|Any CPU
		{8DD8ABCA-2D69-4095-9968-7DB9FC6E0E9E}.Debug|Any CPU.ActiveCfg = Debug|Any CPU
		{8DD8ABCA-2D69-4095-9968-7DB9FC6E0E9E}.Debug|Any CPU.Build.0 = Debug|Any CPU
		{8DD8ABCA-2D69-4095-9968-7DB9FC6E0E9E}.Release|Any CPU.ActiveCfg = Release|Any CPU
		{8DD8ABCA-2D69-4095-9968-7DB9FC6E0E9E}.Release|Any CPU.Build.0 = Release|Any CPU
		{02AD5330-69EB-47A0-AF1A-67C7E2EE19C9}.Debug|Any CPU.ActiveCfg = Debug|Any CPU
		{02AD5330-69EB-47A0-AF1A-67C7E2EE19C9}.Debug|Any CPU.Build.0 = Debug|Any CPU
		{02AD5330-69EB-47A0-AF1A-67C7E2EE19C9}.Release|Any CPU.ActiveCfg = Release|Any CPU
		{02AD5330-69EB-47A0-AF1A-67C7E2EE19C9}.Release|Any CPU.Build.0 = Release|Any CPU
		{79C82688-65D1-4CC0-94EC-346C54458427}.Debug|Any CPU.ActiveCfg = Debug|Any CPU
		{79C82688-65D1-4CC0-94EC-346C54458427}.Debug|Any CPU.Build.0 = Debug|Any CPU
		{79C82688-65D1-4CC0-94EC-346C54458427}.Release|Any CPU.ActiveCfg = Release|Any CPU
		{79C82688-65D1-4CC0-94EC-346C54458427}.Release|Any CPU.Build.0 = Release|Any CPU
		{4CAE424F-EE60-4972-BE9C-786E67C12F42}.Debug|Any CPU.ActiveCfg = Debug|Any CPU
		{4CAE424F-EE60-4972-BE9C-786E67C12F42}.Debug|Any CPU.Build.0 = Debug|Any CPU
		{4CAE424F-EE60-4972-BE9C-786E67C12F42}.Release|Any CPU.ActiveCfg = Release|Any CPU
		{4CAE424F-EE60-4972-BE9C-786E67C12F42}.Release|Any CPU.Build.0 = Release|Any CPU
		{B1130465-E958-4A29-9C2F-7FB1B6314D87}.Debug|Any CPU.ActiveCfg = Debug|Any CPU
		{B1130465-E958-4A29-9C2F-7FB1B6314D87}.Debug|Any CPU.Build.0 = Debug|Any CPU
		{B1130465-E958-4A29-9C2F-7FB1B6314D87}.Release|Any CPU.ActiveCfg = Release|Any CPU
		{B1130465-E958-4A29-9C2F-7FB1B6314D87}.Release|Any CPU.Build.0 = Release|Any CPU
		{E2298035-769C-47E9-9C7F-802829059DEB}.Debug|Any CPU.ActiveCfg = Debug|Any CPU
		{E2298035-769C-47E9-9C7F-802829059DEB}.Debug|Any CPU.Build.0 = Debug|Any CPU
		{E2298035-769C-47E9-9C7F-802829059DEB}.Release|Any CPU.ActiveCfg = Release|Any CPU
		{E2298035-769C-47E9-9C7F-802829059DEB}.Release|Any CPU.Build.0 = Release|Any CPU
		{B049D831-CA05-4FFE-BFA0-C8EFC5E9F630}.Debug|Any CPU.ActiveCfg = Debug|Any CPU
		{B049D831-CA05-4FFE-BFA0-C8EFC5E9F630}.Debug|Any CPU.Build.0 = Debug|Any CPU
		{B049D831-CA05-4FFE-BFA0-C8EFC5E9F630}.Release|Any CPU.ActiveCfg = Release|Any CPU
		{B049D831-CA05-4FFE-BFA0-C8EFC5E9F630}.Release|Any CPU.Build.0 = Release|Any CPU
		{3CFA6C8C-66A3-4F12-8AEA-2EECF20FF45C}.Debug|Any CPU.ActiveCfg = Debug|Any CPU
		{3CFA6C8C-66A3-4F12-8AEA-2EECF20FF45C}.Debug|Any CPU.Build.0 = Debug|Any CPU
		{3CFA6C8C-66A3-4F12-8AEA-2EECF20FF45C}.Release|Any CPU.ActiveCfg = Release|Any CPU
		{3CFA6C8C-66A3-4F12-8AEA-2EECF20FF45C}.Release|Any CPU.Build.0 = Release|Any CPU
		{5780C024-2689-4268-858B-6C42DEB51580}.Debug|Any CPU.ActiveCfg = Debug|Any CPU
		{5780C024-2689-4268-858B-6C42DEB51580}.Debug|Any CPU.Build.0 = Debug|Any CPU
		{5780C024-2689-4268-858B-6C42DEB51580}.Release|Any CPU.ActiveCfg = Release|Any CPU
		{5780C024-2689-4268-858B-6C42DEB51580}.Release|Any CPU.Build.0 = Release|Any CPU
		{9D4ED994-2AC7-44FD-86F5-031D4D36F120}.Debug|Any CPU.ActiveCfg = Debug|Any CPU
		{9D4ED994-2AC7-44FD-86F5-031D4D36F120}.Debug|Any CPU.Build.0 = Debug|Any CPU
		{9D4ED994-2AC7-44FD-86F5-031D4D36F120}.Release|Any CPU.ActiveCfg = Release|Any CPU
		{9D4ED994-2AC7-44FD-86F5-031D4D36F120}.Release|Any CPU.Build.0 = Release|Any CPU
		{43DEA966-F4DB-425A-A749-F52D4FE3915A}.Debug|Any CPU.ActiveCfg = Debug|Any CPU
		{43DEA966-F4DB-425A-A749-F52D4FE3915A}.Debug|Any CPU.Build.0 = Debug|Any CPU
		{43DEA966-F4DB-425A-A749-F52D4FE3915A}.Release|Any CPU.ActiveCfg = Release|Any CPU
		{43DEA966-F4DB-425A-A749-F52D4FE3915A}.Release|Any CPU.Build.0 = Release|Any CPU
		{099400EC-AAC2-453D-950F-B494B5901EDE}.Debug|Any CPU.ActiveCfg = Debug|Any CPU
		{099400EC-AAC2-453D-950F-B494B5901EDE}.Debug|Any CPU.Build.0 = Debug|Any CPU
		{099400EC-AAC2-453D-950F-B494B5901EDE}.Release|Any CPU.ActiveCfg = Release|Any CPU
		{099400EC-AAC2-453D-950F-B494B5901EDE}.Release|Any CPU.Build.0 = Release|Any CPU
		{E2CF3565-388C-48EE-89BA-EAFC48E52E18}.Debug|Any CPU.ActiveCfg = Debug|Any CPU
		{E2CF3565-388C-48EE-89BA-EAFC48E52E18}.Debug|Any CPU.Build.0 = Debug|Any CPU
		{E2CF3565-388C-48EE-89BA-EAFC48E52E18}.Release|Any CPU.ActiveCfg = Release|Any CPU
		{E2CF3565-388C-48EE-89BA-EAFC48E52E18}.Release|Any CPU.Build.0 = Release|Any CPU
	EndGlobalSection
EndGlobal
